// !$*UTF8*$!
{
	archiveVersion = 1;
	classes = {
	};
	objectVersion = 56;
	objects = {

/* Begin PBXBuildFile section */
		7429E8A02C2C119F00C80688 /* AppDelegate.m in Sources */ = {isa = PBXBuildFile; fileRef = 7429E89F2C2C119F00C80688 /* AppDelegate.m */; };
		7429E8A32C2C119F00C80688 /* SceneDelegate.m in Sources */ = {isa = PBXBuildFile; fileRef = 7429E8A22C2C119F00C80688 /* SceneDelegate.m */; };
		7429E8A62C2C119F00C80688 /* ViewController.m in Sources */ = {isa = PBXBuildFile; fileRef = 7429E8A52C2C119F00C80688 /* ViewController.m */; };
		7429E8A92C2C119F00C80688 /* Main.storyboard in Resources */ = {isa = PBXBuildFile; fileRef = 7429E8A72C2C119F00C80688 /* Main.storyboard */; };
		7429E8AB2C2C11A000C80688 /* Assets.xcassets in Resources */ = {isa = PBXBuildFile; fileRef = 7429E8AA2C2C11A000C80688 /* Assets.xcassets */; };
		7429E8AE2C2C11A000C80688 /* LaunchScreen.storyboard in Resources */ = {isa = PBXBuildFile; fileRef = 7429E8AC2C2C11A000C80688 /* LaunchScreen.storyboard */; };
		7429E8B12C2C11A000C80688 /* main.m in Sources */ = {isa = PBXBuildFile; fileRef = 7429E8B02C2C11A000C80688 /* main.m */; };
		7429E8BB2C2C11A000C80688 /* TryXcodeCloudTests.m in Sources */ = {isa = PBXBuildFile; fileRef = 7429E8BA2C2C11A000C80688 /* TryXcodeCloudTests.m */; };
		7429E8C52C2C11A000C80688 /* TryXcodeCloudUITests.m in Sources */ = {isa = PBXBuildFile; fileRef = 7429E8C42C2C11A000C80688 /* TryXcodeCloudUITests.m */; };
		7429E8C72C2C11A000C80688 /* TryXcodeCloudUITestsLaunchTests.m in Sources */ = {isa = PBXBuildFile; fileRef = 7429E8C62C2C11A000C80688 /* TryXcodeCloudUITestsLaunchTests.m */; };
/* End PBXBuildFile section */

/* Begin PBXContainerItemProxy section */
		7429E8B72C2C11A000C80688 /* PBXContainerItemProxy */ = {
			isa = PBXContainerItemProxy;
			containerPortal = 7429E8932C2C119F00C80688 /* Project object */;
			proxyType = 1;
			remoteGlobalIDString = 7429E89A2C2C119F00C80688;
			remoteInfo = TryXcodeCloud;
		};
		7429E8C12C2C11A000C80688 /* PBXContainerItemProxy */ = {
			isa = PBXContainerItemProxy;
			containerPortal = 7429E8932C2C119F00C80688 /* Project object */;
			proxyType = 1;
			remoteGlobalIDString = 7429E89A2C2C119F00C80688;
			remoteInfo = TryXcodeCloud;
		};
/* End PBXContainerItemProxy section */

/* Begin PBXFileReference section */
		7429E89B2C2C119F00C80688 /* TryXcodeCloud.app */ = {isa = PBXFileReference; explicitFileType = wrapper.application; includeInIndex = 0; path = TryXcodeCloud.app; sourceTree = BUILT_PRODUCTS_DIR; };
		7429E89E2C2C119F00C80688 /* AppDelegate.h */ = {isa = PBXFileReference; lastKnownFileType = sourcecode.c.h; path = AppDelegate.h; sourceTree = "<group>"; };
		7429E89F2C2C119F00C80688 /* AppDelegate.m */ = {isa = PBXFileReference; lastKnownFileType = sourcecode.c.objc; path = AppDelegate.m; sourceTree = "<group>"; };
		7429E8A12C2C119F00C80688 /* SceneDelegate.h */ = {isa = PBXFileReference; lastKnownFileType = sourcecode.c.h; path = SceneDelegate.h; sourceTree = "<group>"; };
		7429E8A22C2C119F00C80688 /* SceneDelegate.m */ = {isa = PBXFileReference; lastKnownFileType = sourcecode.c.objc; path = SceneDelegate.m; sourceTree = "<group>"; };
		7429E8A42C2C119F00C80688 /* ViewController.h */ = {isa = PBXFileReference; lastKnownFileType = sourcecode.c.h; path = ViewController.h; sourceTree = "<group>"; };
		7429E8A52C2C119F00C80688 /* ViewController.m */ = {isa = PBXFileReference; lastKnownFileType = sourcecode.c.objc; path = ViewController.m; sourceTree = "<group>"; };
		7429E8A82C2C119F00C80688 /* Base */ = {isa = PBXFileReference; lastKnownFileType = file.storyboard; name = Base; path = Base.lproj/Main.storyboard; sourceTree = "<group>"; };
		7429E8AA2C2C11A000C80688 /* Assets.xcassets */ = {isa = PBXFileReference; lastKnownFileType = folder.assetcatalog; path = Assets.xcassets; sourceTree = "<group>"; };
		7429E8AD2C2C11A000C80688 /* Base */ = {isa = PBXFileReference; lastKnownFileType = file.storyboard; name = Base; path = Base.lproj/LaunchScreen.storyboard; sourceTree = "<group>"; };
		7429E8AF2C2C11A000C80688 /* Info.plist */ = {isa = PBXFileReference; lastKnownFileType = text.plist.xml; path = Info.plist; sourceTree = "<group>"; };
		7429E8B02C2C11A000C80688 /* main.m */ = {isa = PBXFileReference; lastKnownFileType = sourcecode.c.objc; path = main.m; sourceTree = "<group>"; };
		7429E8B62C2C11A000C80688 /* TryXcodeCloudTests.xctest */ = {isa = PBXFileReference; explicitFileType = wrapper.cfbundle; includeInIndex = 0; path = TryXcodeCloudTests.xctest; sourceTree = BUILT_PRODUCTS_DIR; };
		7429E8BA2C2C11A000C80688 /* TryXcodeCloudTests.m */ = {isa = PBXFileReference; lastKnownFileType = sourcecode.c.objc; path = TryXcodeCloudTests.m; sourceTree = "<group>"; };
		7429E8C02C2C11A000C80688 /* TryXcodeCloudUITests.xctest */ = {isa = PBXFileReference; explicitFileType = wrapper.cfbundle; includeInIndex = 0; path = TryXcodeCloudUITests.xctest; sourceTree = BUILT_PRODUCTS_DIR; };
		7429E8C42C2C11A000C80688 /* TryXcodeCloudUITests.m */ = {isa = PBXFileReference; lastKnownFileType = sourcecode.c.objc; path = TryXcodeCloudUITests.m; sourceTree = "<group>"; };
		7429E8C62C2C11A000C80688 /* TryXcodeCloudUITestsLaunchTests.m */ = {isa = PBXFileReference; lastKnownFileType = sourcecode.c.objc; path = TryXcodeCloudUITestsLaunchTests.m; sourceTree = "<group>"; };
/* End PBXFileReference section */

/* Begin PBXFrameworksBuildPhase section */
		7429E8982C2C119F00C80688 /* Frameworks */ = {
			isa = PBXFrameworksBuildPhase;
			buildActionMask = 2147483647;
			files = (
			);
			runOnlyForDeploymentPostprocessing = 0;
		};
		7429E8B32C2C11A000C80688 /* Frameworks */ = {
			isa = PBXFrameworksBuildPhase;
			buildActionMask = 2147483647;
			files = (
			);
			runOnlyForDeploymentPostprocessing = 0;
		};
		7429E8BD2C2C11A000C80688 /* Frameworks */ = {
			isa = PBXFrameworksBuildPhase;
			buildActionMask = 2147483647;
			files = (
			);
			runOnlyForDeploymentPostprocessing = 0;
		};
/* End PBXFrameworksBuildPhase section */

/* Begin PBXGroup section */
		7429E8922C2C119F00C80688 = {
			isa = PBXGroup;
			children = (
				7429E89D2C2C119F00C80688 /* TryXcodeCloud */,
				7429E8B92C2C11A000C80688 /* TryXcodeCloudTests */,
				7429E8C32C2C11A000C80688 /* TryXcodeCloudUITests */,
				7429E89C2C2C119F00C80688 /* Products */,
			);
			sourceTree = "<group>";
		};
		7429E89C2C2C119F00C80688 /* Products */ = {
			isa = PBXGroup;
			children = (
				7429E89B2C2C119F00C80688 /* TryXcodeCloud.app */,
				7429E8B62C2C11A000C80688 /* TryXcodeCloudTests.xctest */,
				7429E8C02C2C11A000C80688 /* TryXcodeCloudUITests.xctest */,
			);
			name = Products;
			sourceTree = "<group>";
		};
		7429E89D2C2C119F00C80688 /* TryXcodeCloud */ = {
			isa = PBXGroup;
			children = (
				7429E89E2C2C119F00C80688 /* AppDelegate.h */,
				7429E89F2C2C119F00C80688 /* AppDelegate.m */,
				7429E8A12C2C119F00C80688 /* SceneDelegate.h */,
				7429E8A22C2C119F00C80688 /* SceneDelegate.m */,
				7429E8A42C2C119F00C80688 /* ViewController.h */,
				7429E8A52C2C119F00C80688 /* ViewController.m */,
				7429E8A72C2C119F00C80688 /* Main.storyboard */,
				7429E8AA2C2C11A000C80688 /* Assets.xcassets */,
				7429E8AC2C2C11A000C80688 /* LaunchScreen.storyboard */,
				7429E8AF2C2C11A000C80688 /* Info.plist */,
				7429E8B02C2C11A000C80688 /* main.m */,
			);
			path = TryXcodeCloud;
			sourceTree = "<group>";
		};
		7429E8B92C2C11A000C80688 /* TryXcodeCloudTests */ = {
			isa = PBXGroup;
			children = (
				7429E8BA2C2C11A000C80688 /* TryXcodeCloudTests.m */,
			);
			path = TryXcodeCloudTests;
			sourceTree = "<group>";
		};
		7429E8C32C2C11A000C80688 /* TryXcodeCloudUITests */ = {
			isa = PBXGroup;
			children = (
				7429E8C42C2C11A000C80688 /* TryXcodeCloudUITests.m */,
				7429E8C62C2C11A000C80688 /* TryXcodeCloudUITestsLaunchTests.m */,
			);
			path = TryXcodeCloudUITests;
			sourceTree = "<group>";
		};
/* End PBXGroup section */

/* Begin PBXNativeTarget section */
		7429E89A2C2C119F00C80688 /* TryXcodeCloud */ = {
			isa = PBXNativeTarget;
			buildConfigurationList = 7429E8CA2C2C11A000C80688 /* Build configuration list for PBXNativeTarget "TryXcodeCloud" */;
			buildPhases = (
				7429E8972C2C119F00C80688 /* Sources */,
				7429E8982C2C119F00C80688 /* Frameworks */,
				7429E8992C2C119F00C80688 /* Resources */,
			);
			buildRules = (
			);
			dependencies = (
			);
			name = TryXcodeCloud;
			productName = TryXcodeCloud;
			productReference = 7429E89B2C2C119F00C80688 /* TryXcodeCloud.app */;
			productType = "com.apple.product-type.application";
		};
		7429E8B52C2C11A000C80688 /* TryXcodeCloudTests */ = {
			isa = PBXNativeTarget;
			buildConfigurationList = 7429E8CD2C2C11A000C80688 /* Build configuration list for PBXNativeTarget "TryXcodeCloudTests" */;
			buildPhases = (
				7429E8B22C2C11A000C80688 /* Sources */,
				7429E8B32C2C11A000C80688 /* Frameworks */,
				7429E8B42C2C11A000C80688 /* Resources */,
			);
			buildRules = (
			);
			dependencies = (
				7429E8B82C2C11A000C80688 /* PBXTargetDependency */,
			);
			name = TryXcodeCloudTests;
			productName = TryXcodeCloudTests;
			productReference = 7429E8B62C2C11A000C80688 /* TryXcodeCloudTests.xctest */;
			productType = "com.apple.product-type.bundle.unit-test";
		};
		7429E8BF2C2C11A000C80688 /* TryXcodeCloudUITests */ = {
			isa = PBXNativeTarget;
			buildConfigurationList = 7429E8D02C2C11A000C80688 /* Build configuration list for PBXNativeTarget "TryXcodeCloudUITests" */;
			buildPhases = (
				7429E8BC2C2C11A000C80688 /* Sources */,
				7429E8BD2C2C11A000C80688 /* Frameworks */,
				7429E8BE2C2C11A000C80688 /* Resources */,
			);
			buildRules = (
			);
			dependencies = (
				7429E8C22C2C11A000C80688 /* PBXTargetDependency */,
			);
			name = TryXcodeCloudUITests;
			productName = TryXcodeCloudUITests;
			productReference = 7429E8C02C2C11A000C80688 /* TryXcodeCloudUITests.xctest */;
			productType = "com.apple.product-type.bundle.ui-testing";
		};
/* End PBXNativeTarget section */

/* Begin PBXProject section */
		7429E8932C2C119F00C80688 /* Project object */ = {
			isa = PBXProject;
			attributes = {
				BuildIndependentTargetsInParallel = 1;
				LastUpgradeCheck = 1500;
				TargetAttributes = {
					7429E89A2C2C119F00C80688 = {
						CreatedOnToolsVersion = 15.0.1;
					};
					7429E8B52C2C11A000C80688 = {
						CreatedOnToolsVersion = 15.0.1;
						TestTargetID = 7429E89A2C2C119F00C80688;
					};
					7429E8BF2C2C11A000C80688 = {
						CreatedOnToolsVersion = 15.0.1;
						TestTargetID = 7429E89A2C2C119F00C80688;
					};
				};
			};
			buildConfigurationList = 7429E8962C2C119F00C80688 /* Build configuration list for PBXProject "TryXcodeCloud" */;
			compatibilityVersion = "Xcode 14.0";
			developmentRegion = en;
			hasScannedForEncodings = 0;
			knownRegions = (
				en,
				Base,
			);
			mainGroup = 7429E8922C2C119F00C80688;
			productRefGroup = 7429E89C2C2C119F00C80688 /* Products */;
			projectDirPath = "";
			projectRoot = "";
			targets = (
				7429E89A2C2C119F00C80688 /* TryXcodeCloud */,
				7429E8B52C2C11A000C80688 /* TryXcodeCloudTests */,
				7429E8BF2C2C11A000C80688 /* TryXcodeCloudUITests */,
			);
		};
/* End PBXProject section */

/* Begin PBXResourcesBuildPhase section */
		7429E8992C2C119F00C80688 /* Resources */ = {
			isa = PBXResourcesBuildPhase;
			buildActionMask = 2147483647;
			files = (
				7429E8AE2C2C11A000C80688 /* LaunchScreen.storyboard in Resources */,
				7429E8AB2C2C11A000C80688 /* Assets.xcassets in Resources */,
				7429E8A92C2C119F00C80688 /* Main.storyboard in Resources */,
			);
			runOnlyForDeploymentPostprocessing = 0;
		};
		7429E8B42C2C11A000C80688 /* Resources */ = {
			isa = PBXResourcesBuildPhase;
			buildActionMask = 2147483647;
			files = (
			);
			runOnlyForDeploymentPostprocessing = 0;
		};
		7429E8BE2C2C11A000C80688 /* Resources */ = {
			isa = PBXResourcesBuildPhase;
			buildActionMask = 2147483647;
			files = (
			);
			runOnlyForDeploymentPostprocessing = 0;
		};
/* End PBXResourcesBuildPhase section */

/* Begin PBXSourcesBuildPhase section */
		7429E8972C2C119F00C80688 /* Sources */ = {
			isa = PBXSourcesBuildPhase;
			buildActionMask = 2147483647;
			files = (
				7429E8A62C2C119F00C80688 /* ViewController.m in Sources */,
				7429E8A02C2C119F00C80688 /* AppDelegate.m in Sources */,
				7429E8B12C2C11A000C80688 /* main.m in Sources */,
				7429E8A32C2C119F00C80688 /* SceneDelegate.m in Sources */,
			);
			runOnlyForDeploymentPostprocessing = 0;
		};
		7429E8B22C2C11A000C80688 /* Sources */ = {
			isa = PBXSourcesBuildPhase;
			buildActionMask = 2147483647;
			files = (
				7429E8BB2C2C11A000C80688 /* TryXcodeCloudTests.m in Sources */,
			);
			runOnlyForDeploymentPostprocessing = 0;
		};
		7429E8BC2C2C11A000C80688 /* Sources */ = {
			isa = PBXSourcesBuildPhase;
			buildActionMask = 2147483647;
			files = (
				7429E8C72C2C11A000C80688 /* TryXcodeCloudUITestsLaunchTests.m in Sources */,
				7429E8C52C2C11A000C80688 /* TryXcodeCloudUITests.m in Sources */,
			);
			runOnlyForDeploymentPostprocessing = 0;
		};
/* End PBXSourcesBuildPhase section */

/* Begin PBXTargetDependency section */
		7429E8B82C2C11A000C80688 /* PBXTargetDependency */ = {
			isa = PBXTargetDependency;
			target = 7429E89A2C2C119F00C80688 /* TryXcodeCloud */;
			targetProxy = 7429E8B72C2C11A000C80688 /* PBXContainerItemProxy */;
		};
		7429E8C22C2C11A000C80688 /* PBXTargetDependency */ = {
			isa = PBXTargetDependency;
			target = 7429E89A2C2C119F00C80688 /* TryXcodeCloud */;
			targetProxy = 7429E8C12C2C11A000C80688 /* PBXContainerItemProxy */;
		};
/* End PBXTargetDependency section */

/* Begin PBXVariantGroup section */
		7429E8A72C2C119F00C80688 /* Main.storyboard */ = {
			isa = PBXVariantGroup;
			children = (
				7429E8A82C2C119F00C80688 /* Base */,
			);
			name = Main.storyboard;
			sourceTree = "<group>";
		};
		7429E8AC2C2C11A000C80688 /* LaunchScreen.storyboard */ = {
			isa = PBXVariantGroup;
			children = (
				7429E8AD2C2C11A000C80688 /* Base */,
			);
			name = LaunchScreen.storyboard;
			sourceTree = "<group>";
		};
/* End PBXVariantGroup section */

/* Begin XCBuildConfiguration section */
		7429E8C82C2C11A000C80688 /* Debug */ = {
			isa = XCBuildConfiguration;
			buildSettings = {
				ALWAYS_SEARCH_USER_PATHS = NO;
				ASSETCATALOG_COMPILER_GENERATE_SWIFT_ASSET_SYMBOL_EXTENSIONS = YES;
				CLANG_ANALYZER_NONNULL = YES;
				CLANG_ANALYZER_NUMBER_OBJECT_CONVERSION = YES_AGGRESSIVE;
				CLANG_CXX_LANGUAGE_STANDARD = "gnu++20";
				CLANG_ENABLE_MODULES = YES;
				CLANG_ENABLE_OBJC_ARC = YES;
				CLANG_ENABLE_OBJC_WEAK = YES;
				CLANG_WARN_BLOCK_CAPTURE_AUTORELEASING = YES;
				CLANG_WARN_BOOL_CONVERSION = YES;
				CLANG_WARN_COMMA = YES;
				CLANG_WARN_CONSTANT_CONVERSION = YES;
				CLANG_WARN_DEPRECATED_OBJC_IMPLEMENTATIONS = YES;
				CLANG_WARN_DIRECT_OBJC_ISA_USAGE = YES_ERROR;
				CLANG_WARN_DOCUMENTATION_COMMENTS = YES;
				CLANG_WARN_EMPTY_BODY = YES;
				CLANG_WARN_ENUM_CONVERSION = YES;
				CLANG_WARN_INFINITE_RECURSION = YES;
				CLANG_WARN_INT_CONVERSION = YES;
				CLANG_WARN_NON_LITERAL_NULL_CONVERSION = YES;
				CLANG_WARN_OBJC_IMPLICIT_RETAIN_SELF = YES;
				CLANG_WARN_OBJC_LITERAL_CONVERSION = YES;
				CLANG_WARN_OBJC_ROOT_CLASS = YES_ERROR;
				CLANG_WARN_QUOTED_INCLUDE_IN_FRAMEWORK_HEADER = YES;
				CLANG_WARN_RANGE_LOOP_ANALYSIS = YES;
				CLANG_WARN_STRICT_PROTOTYPES = YES;
				CLANG_WARN_SUSPICIOUS_MOVE = YES;
				CLANG_WARN_UNGUARDED_AVAILABILITY = YES_AGGRESSIVE;
				CLANG_WARN_UNREACHABLE_CODE = YES;
				CLANG_WARN__DUPLICATE_METHOD_MATCH = YES;
				COPY_PHASE_STRIP = NO;
				DEBUG_INFORMATION_FORMAT = dwarf;
				ENABLE_STRICT_OBJC_MSGSEND = YES;
				ENABLE_TESTABILITY = YES;
				ENABLE_USER_SCRIPT_SANDBOXING = YES;
				GCC_C_LANGUAGE_STANDARD = gnu17;
				GCC_DYNAMIC_NO_PIC = NO;
				GCC_NO_COMMON_BLOCKS = YES;
				GCC_OPTIMIZATION_LEVEL = 0;
				GCC_PREPROCESSOR_DEFINITIONS = (
					"DEBUG=1",
					"$(inherited)",
				);
				GCC_WARN_64_TO_32_BIT_CONVERSION = YES;
				GCC_WARN_ABOUT_RETURN_TYPE = YES_ERROR;
				GCC_WARN_UNDECLARED_SELECTOR = YES;
				GCC_WARN_UNINITIALIZED_AUTOS = YES_AGGRESSIVE;
				GCC_WARN_UNUSED_FUNCTION = YES;
				GCC_WARN_UNUSED_VARIABLE = YES;
				IPHONEOS_DEPLOYMENT_TARGET = 17.0;
				LOCALIZATION_PREFERS_STRING_CATALOGS = YES;
				MTL_ENABLE_DEBUG_INFO = INCLUDE_SOURCE;
				MTL_FAST_MATH = YES;
				ONLY_ACTIVE_ARCH = YES;
				SDKROOT = iphoneos;
			};
			name = Debug;
		};
		7429E8C92C2C11A000C80688 /* Release */ = {
			isa = XCBuildConfiguration;
			buildSettings = {
				ALWAYS_SEARCH_USER_PATHS = NO;
				ASSETCATALOG_COMPILER_GENERATE_SWIFT_ASSET_SYMBOL_EXTENSIONS = YES;
				CLANG_ANALYZER_NONNULL = YES;
				CLANG_ANALYZER_NUMBER_OBJECT_CONVERSION = YES_AGGRESSIVE;
				CLANG_CXX_LANGUAGE_STANDARD = "gnu++20";
				CLANG_ENABLE_MODULES = YES;
				CLANG_ENABLE_OBJC_ARC = YES;
				CLANG_ENABLE_OBJC_WEAK = YES;
				CLANG_WARN_BLOCK_CAPTURE_AUTORELEASING = YES;
				CLANG_WARN_BOOL_CONVERSION = YES;
				CLANG_WARN_COMMA = YES;
				CLANG_WARN_CONSTANT_CONVERSION = YES;
				CLANG_WARN_DEPRECATED_OBJC_IMPLEMENTATIONS = YES;
				CLANG_WARN_DIRECT_OBJC_ISA_USAGE = YES_ERROR;
				CLANG_WARN_DOCUMENTATION_COMMENTS = YES;
				CLANG_WARN_EMPTY_BODY = YES;
				CLANG_WARN_ENUM_CONVERSION = YES;
				CLANG_WARN_INFINITE_RECURSION = YES;
				CLANG_WARN_INT_CONVERSION = YES;
				CLANG_WARN_NON_LITERAL_NULL_CONVERSION = YES;
				CLANG_WARN_OBJC_IMPLICIT_RETAIN_SELF = YES;
				CLANG_WARN_OBJC_LITERAL_CONVERSION = YES;
				CLANG_WARN_OBJC_ROOT_CLASS = YES_ERROR;
				CLANG_WARN_QUOTED_INCLUDE_IN_FRAMEWORK_HEADER = YES;
				CLANG_WARN_RANGE_LOOP_ANALYSIS = YES;
				CLANG_WARN_STRICT_PROTOTYPES = YES;
				CLANG_WARN_SUSPICIOUS_MOVE = YES;
				CLANG_WARN_UNGUARDED_AVAILABILITY = YES_AGGRESSIVE;
				CLANG_WARN_UNREACHABLE_CODE = YES;
				CLANG_WARN__DUPLICATE_METHOD_MATCH = YES;
				COPY_PHASE_STRIP = NO;
				DEBUG_INFORMATION_FORMAT = "dwarf-with-dsym";
				ENABLE_NS_ASSERTIONS = NO;
				ENABLE_STRICT_OBJC_MSGSEND = YES;
				ENABLE_USER_SCRIPT_SANDBOXING = YES;
				GCC_C_LANGUAGE_STANDARD = gnu17;
				GCC_NO_COMMON_BLOCKS = YES;
				GCC_WARN_64_TO_32_BIT_CONVERSION = YES;
				GCC_WARN_ABOUT_RETURN_TYPE = YES_ERROR;
				GCC_WARN_UNDECLARED_SELECTOR = YES;
				GCC_WARN_UNINITIALIZED_AUTOS = YES_AGGRESSIVE;
				GCC_WARN_UNUSED_FUNCTION = YES;
				GCC_WARN_UNUSED_VARIABLE = YES;
				IPHONEOS_DEPLOYMENT_TARGET = 17.0;
				LOCALIZATION_PREFERS_STRING_CATALOGS = YES;
				MTL_ENABLE_DEBUG_INFO = NO;
				MTL_FAST_MATH = YES;
				SDKROOT = iphoneos;
				VALIDATE_PRODUCT = YES;
			};
			name = Release;
		};
		7429E8CB2C2C11A000C80688 /* Debug */ = {
			isa = XCBuildConfiguration;
			buildSettings = {
				ASSETCATALOG_COMPILER_APPICON_NAME = AppIcon;
				ASSETCATALOG_COMPILER_GLOBAL_ACCENT_COLOR_NAME = AccentColor;
				CODE_SIGN_STYLE = Automatic;
				CURRENT_PROJECT_VERSION = 1;
				DEVELOPMENT_TEAM = 28G5Y8M7P8;
				GENERATE_INFOPLIST_FILE = YES;
				INFOPLIST_FILE = TryXcodeCloud/Info.plist;
				INFOPLIST_KEY_UIApplicationSupportsIndirectInputEvents = YES;
				INFOPLIST_KEY_UILaunchStoryboardName = LaunchScreen;
				INFOPLIST_KEY_UIMainStoryboardFile = Main;
				INFOPLIST_KEY_UISupportedInterfaceOrientations_iPad = "UIInterfaceOrientationPortrait UIInterfaceOrientationPortraitUpsideDown UIInterfaceOrientationLandscapeLeft UIInterfaceOrientationLandscapeRight";
				INFOPLIST_KEY_UISupportedInterfaceOrientations_iPhone = "UIInterfaceOrientationPortrait UIInterfaceOrientationLandscapeLeft UIInterfaceOrientationLandscapeRight";
				LD_RUNPATH_SEARCH_PATHS = (
					"$(inherited)",
					"@executable_path/Frameworks",
				);
				MARKETING_VERSION = 1.0;
				PRODUCT_BUNDLE_IDENTIFIER = com.nd.sdp.component.TryXcodeCloud;
				PRODUCT_NAME = "$(TARGET_NAME)";
				SWIFT_EMIT_LOC_STRINGS = YES;
				TARGETED_DEVICE_FAMILY = "1,2";
			};
			name = Debug;
		};
		7429E8CC2C2C11A000C80688 /* Release */ = {
			isa = XCBuildConfiguration;
			buildSettings = {
				ASSETCATALOG_COMPILER_APPICON_NAME = AppIcon;
				ASSETCATALOG_COMPILER_GLOBAL_ACCENT_COLOR_NAME = AccentColor;
				CODE_SIGN_STYLE = Automatic;
				CURRENT_PROJECT_VERSION = 1;
				DEVELOPMENT_TEAM = 28G5Y8M7P8;
				GENERATE_INFOPLIST_FILE = YES;
				INFOPLIST_FILE = TryXcodeCloud/Info.plist;
				INFOPLIST_KEY_UIApplicationSupportsIndirectInputEvents = YES;
				INFOPLIST_KEY_UILaunchStoryboardName = LaunchScreen;
				INFOPLIST_KEY_UIMainStoryboardFile = Main;
				INFOPLIST_KEY_UISupportedInterfaceOrientations_iPad = "UIInterfaceOrientationPortrait UIInterfaceOrientationPortraitUpsideDown UIInterfaceOrientationLandscapeLeft UIInterfaceOrientationLandscapeRight";
				INFOPLIST_KEY_UISupportedInterfaceOrientations_iPhone = "UIInterfaceOrientationPortrait UIInterfaceOrientationLandscapeLeft UIInterfaceOrientationLandscapeRight";
				LD_RUNPATH_SEARCH_PATHS = (
					"$(inherited)",
					"@executable_path/Frameworks",
				);
				MARKETING_VERSION = 1.0;
				PRODUCT_BUNDLE_IDENTIFIER = com.nd.sdp.component.TryXcodeCloud;
				PRODUCT_NAME = "$(TARGET_NAME)";
				SWIFT_EMIT_LOC_STRINGS = YES;
				TARGETED_DEVICE_FAMILY = "1,2";
			};
			name = Release;
		};
		7429E8CE2C2C11A000C80688 /* Debug */ = {
			isa = XCBuildConfiguration;
			buildSettings = {
				BUNDLE_LOADER = "$(TEST_HOST)";
				CODE_SIGN_STYLE = Automatic;
				CURRENT_PROJECT_VERSION = 1;
				DEVELOPMENT_TEAM = 28G5Y8M7P8;
				GENERATE_INFOPLIST_FILE = YES;
				IPHONEOS_DEPLOYMENT_TARGET = 17.0;
				MARKETING_VERSION = 1.0;
				PRODUCT_BUNDLE_IDENTIFIER = com.nd.sdp.component.TryXcodeCloudTests;
				PRODUCT_NAME = "$(TARGET_NAME)";
				SWIFT_EMIT_LOC_STRINGS = NO;
				TARGETED_DEVICE_FAMILY = "1,2";
				TEST_HOST = "$(BUILT_PRODUCTS_DIR)/TryXcodeCloud.app/$(BUNDLE_EXECUTABLE_FOLDER_PATH)/TryXcodeCloud";
			};
			name = Debug;
		};
		7429E8CF2C2C11A000C80688 /* Release */ = {
			isa = XCBuildConfiguration;
			buildSettings = {
				BUNDLE_LOADER = "$(TEST_HOST)";
				CODE_SIGN_STYLE = Automatic;
				CURRENT_PROJECT_VERSION = 1;
				DEVELOPMENT_TEAM = 28G5Y8M7P8;
				GENERATE_INFOPLIST_FILE = YES;
				IPHONEOS_DEPLOYMENT_TARGET = 17.0;
				MARKETING_VERSION = 1.0;
				PRODUCT_BUNDLE_IDENTIFIER = com.nd.sdp.component.TryXcodeCloudTests;
				PRODUCT_NAME = "$(TARGET_NAME)";
				SWIFT_EMIT_LOC_STRINGS = NO;
				TARGETED_DEVICE_FAMILY = "1,2";
				TEST_HOST = "$(BUILT_PRODUCTS_DIR)/TryXcodeCloud.app/$(BUNDLE_EXECUTABLE_FOLDER_PATH)/TryXcodeCloud";
			};
			name = Release;
		};
		7429E8D12C2C11A000C80688 /* Debug */ = {
			isa = XCBuildConfiguration;
			buildSettings = {
				CODE_SIGN_STYLE = Automatic;
				CURRENT_PROJECT_VERSION = 1;
				DEVELOPMENT_TEAM = 28G5Y8M7P8;
				GENERATE_INFOPLIST_FILE = YES;
				MARKETING_VERSION = 1.0;
				PRODUCT_BUNDLE_IDENTIFIER = com.nd.sdp.component.TryXcodeCloudUITests;
				PRODUCT_NAME = "$(TARGET_NAME)";
				SWIFT_EMIT_LOC_STRINGS = NO;
				TARGETED_DEVICE_FAMILY = "1,2";
				TEST_TARGET_NAME = TryXcodeCloud;
			};
			name = Debug;
		};
		7429E8D22C2C11A000C80688 /* Release */ = {
			isa = XCBuildConfiguration;
			buildSettings = {
				CODE_SIGN_STYLE = Automatic;
				CURRENT_PROJECT_VERSION = 1;
				DEVELOPMENT_TEAM = 28G5Y8M7P8;
				GENERATE_INFOPLIST_FILE = YES;
				MARKETING_VERSION = 1.0;
				PRODUCT_BUNDLE_IDENTIFIER = com.nd.sdp.component.TryXcodeCloudUITests;
				PRODUCT_NAME = "$(TARGET_NAME)";
				SWIFT_EMIT_LOC_STRINGS = NO;
				TARGETED_DEVICE_FAMILY = "1,2";
				TEST_TARGET_NAME = TryXcodeCloud;
			};
			name = Release;
		};
/* End XCBuildConfiguration section */

/* Begin XCConfigurationList section */
		7429E8962C2C119F00C80688 /* Build configuration list for PBXProject "TryXcodeCloud" */ = {
			isa = XCConfigurationList;
			buildConfigurations = (
				7429E8C82C2C11A000C80688 /* Debug */,
				7429E8C92C2C11A000C80688 /* Release */,
			);
			defaultConfigurationIsVisible = 0;
			defaultConfigurationName = Release;
		};
		7429E8CA2C2C11A000C80688 /* Build configuration list for PBXNativeTarget "TryXcodeCloud" */ = {
			isa = XCConfigurationList;
			buildConfigurations = (
				7429E8CB2C2C11A000C80688 /* Debug */,
				7429E8CC2C2C11A000C80688 /* Release */,
			);
			defaultConfigurationIsVisible = 0;
			defaultConfigurationName = Release;
		};
		7429E8CD2C2C11A000C80688 /* Build configuration list for PBXNativeTarget "TryXcodeCloudTests" */ = {
			isa = XCConfigurationList;
			buildConfigurations = (
				7429E8CE2C2C11A000C80688 /* Debug */,
				7429E8CF2C2C11A000C80688 /* Release */,
			);
			defaultConfigurationIsVisible = 0;
			defaultConfigurationName = Release;
		};
		7429E8D02C2C11A000C80688 /* Build configuration list for PBXNativeTarget "TryXcodeCloudUITests" */ = {
			isa = XCConfigurationList;
			buildConfigurations = (
				7429E8D12C2C11A000C80688 /* Debug */,
				7429E8D22C2C11A000C80688 /* Release */,
			);
			defaultConfigurationIsVisible = 0;
			defaultConfigurationName = Release;
		};
/* End XCConfigurationList section */
	};
	rootObject = 7429E8932C2C119F00C80688 /* Project object */;
}
